# This file is automatically @generated by Poetry and should not be changed by hand.

[[package]]
name = "python-libnmap"
version = "0.7.3"
description = "Python NMAP library enabling you to start async nmap tasks, parse and compare/diff scan results"
category = "main"
optional = false
python-versions = "*"
files = [
    {file = "python-libnmap-0.7.3.tar.gz", hash = "sha256:d03629256c2ee9ab37390c28d4c4c2ae9637cd0861dd8ab9e0f32779545936c0"},
]

[package.extras]
defusedxml = ["defusedxml (>=0.6.0)"]

[metadata]
lock-version = "2.0"
python-versions = "^3.10"
content-hash = "88fd01b67875b425426c32fad2415a7c8d93bbe72c112d30aa30697a3b50cbc0"
